// !$*UTF8*$!
{
	archiveVersion = 1;
	classes = {
	};
	objectVersion = 50;
	objects = {

/* Begin PBXBuildFile section */
		0054514EE7DE1ED1D85FE6E7 /* Pods_Drama.framework in Frameworks */ = {isa = PBXBuildFile; fileRef = 2605280796F0717E28A0A462 /* Pods_Drama.framework */; };
		333774F723817B73006946A4 /* AppDelegate.swift in Sources */ = {isa = PBXBuildFile; fileRef = 333774F623817B73006946A4 /* AppDelegate.swift */; };
		333774F923817B73006946A4 /* SceneDelegate.swift in Sources */ = {isa = PBXBuildFile; fileRef = 333774F823817B73006946A4 /* SceneDelegate.swift */; };
		333774FB23817B73006946A4 /* ViewController.swift in Sources */ = {isa = PBXBuildFile; fileRef = 333774FA23817B73006946A4 /* ViewController.swift */; };
		333774FE23817B73006946A4 /* Main.storyboard in Resources */ = {isa = PBXBuildFile; fileRef = 333774FC23817B73006946A4 /* Main.storyboard */; };
		3337750023817B75006946A4 /* Assets.xcassets in Resources */ = {isa = PBXBuildFile; fileRef = 333774FF23817B75006946A4 /* Assets.xcassets */; };
		3337750323817B75006946A4 /* LaunchScreen.storyboard in Resources */ = {isa = PBXBuildFile; fileRef = 3337750123817B75006946A4 /* LaunchScreen.storyboard */; };
/* End PBXBuildFile section */

/* Begin PBXFileReference section */
		2605280796F0717E28A0A462 /* Pods_Drama.framework */ = {isa = PBXFileReference; explicitFileType = wrapper.framework; includeInIndex = 0; path = Pods_Drama.framework; sourceTree = BUILT_PRODUCTS_DIR; };
		333774F323817B73006946A4 /* Drama.app */ = {isa = PBXFileReference; explicitFileType = wrapper.application; includeInIndex = 0; path = Drama.app; sourceTree = BUILT_PRODUCTS_DIR; };
		333774F623817B73006946A4 /* AppDelegate.swift */ = {isa = PBXFileReference; lastKnownFileType = sourcecode.swift; path = AppDelegate.swift; sourceTree = "<group>"; };
		333774F823817B73006946A4 /* SceneDelegate.swift */ = {isa = PBXFileReference; lastKnownFileType = sourcecode.swift; path = SceneDelegate.swift; sourceTree = "<group>"; };
		333774FA23817B73006946A4 /* ViewController.swift */ = {isa = PBXFileReference; lastKnownFileType = sourcecode.swift; path = ViewController.swift; sourceTree = "<group>"; };
		333774FD23817B73006946A4 /* Base */ = {isa = PBXFileReference; lastKnownFileType = file.storyboard; name = Base; path = Base.lproj/Main.storyboard; sourceTree = "<group>"; };
		333774FF23817B75006946A4 /* Assets.xcassets */ = {isa = PBXFileReference; lastKnownFileType = folder.assetcatalog; path = Assets.xcassets; sourceTree = "<group>"; };
		3337750223817B75006946A4 /* Base */ = {isa = PBXFileReference; lastKnownFileType = file.storyboard; name = Base; path = Base.lproj/LaunchScreen.storyboard; sourceTree = "<group>"; };
		3337750423817B75006946A4 /* Info.plist */ = {isa = PBXFileReference; lastKnownFileType = text.plist.xml; path = Info.plist; sourceTree = "<group>"; };
		769B6AA2D7BCE491FA87F782 /* Pods-Drama.release.xcconfig */ = {isa = PBXFileReference; includeInIndex = 1; lastKnownFileType = text.xcconfig; name = "Pods-Drama.release.xcconfig"; path = "Target Support Files/Pods-Drama/Pods-Drama.release.xcconfig"; sourceTree = "<group>"; };
		CC0022D13A86D103646B717C /* Pods-Drama.debug.xcconfig */ = {isa = PBXFileReference; includeInIndex = 1; lastKnownFileType = text.xcconfig; name = "Pods-Drama.debug.xcconfig"; path = "Target Support Files/Pods-Drama/Pods-Drama.debug.xcconfig"; sourceTree = "<group>"; };
/* End PBXFileReference section */

/* Begin PBXFrameworksBuildPhase section */
		333774F023817B73006946A4 /* Frameworks */ = {
			isa = PBXFrameworksBuildPhase;
			buildActionMask = 2147483647;
			files = (
				0054514EE7DE1ED1D85FE6E7 /* Pods_Drama.framework in Frameworks */,
			);
			runOnlyForDeploymentPostprocessing = 0;
		};
/* End PBXFrameworksBuildPhase section */

/* Begin PBXGroup section */
		333774EA23817B73006946A4 = {
			isa = PBXGroup;
			children = (
				333774F523817B73006946A4 /* Drama */,
				333774F423817B73006946A4 /* Products */,
				F00CEC3B9BFF0331AE5FCE0A /* Pods */,
				80EBCBF1D3F1B7578136A253 /* Frameworks */,
			);
			sourceTree = "<group>";
		};
		333774F423817B73006946A4 /* Products */ = {
			isa = PBXGroup;
			children = (
				333774F323817B73006946A4 /* Drama.app */,
			);
			name = Products;
			sourceTree = "<group>";
		};
		333774F523817B73006946A4 /* Drama */ = {
			isa = PBXGroup;
			children = (
				333774F623817B73006946A4 /* AppDelegate.swift */,
				333774F823817B73006946A4 /* SceneDelegate.swift */,
				333774FA23817B73006946A4 /* ViewController.swift */,
				333774FC23817B73006946A4 /* Main.storyboard */,
				333774FF23817B75006946A4 /* Assets.xcassets */,
				3337750123817B75006946A4 /* LaunchScreen.storyboard */,
				3337750423817B75006946A4 /* Info.plist */,
			);
			path = Drama;
			sourceTree = "<group>";
		};
		80EBCBF1D3F1B7578136A253 /* Frameworks */ = {
			isa = PBXGroup;
			children = (
				2605280796F0717E28A0A462 /* Pods_Drama.framework */,
			);
			name = Frameworks;
			sourceTree = "<group>";
		};
		F00CEC3B9BFF0331AE5FCE0A /* Pods */ = {
			isa = PBXGroup;
			children = (
				CC0022D13A86D103646B717C /* Pods-Drama.debug.xcconfig */,
				769B6AA2D7BCE491FA87F782 /* Pods-Drama.release.xcconfig */,
			);
			name = Pods;
			path = Pods;
			sourceTree = "<group>";
		};
/* End PBXGroup section */

/* Begin PBXNativeTarget section */
		333774F223817B73006946A4 /* Drama */ = {
			isa = PBXNativeTarget;
			buildConfigurationList = 3337750723817B75006946A4 /* Build configuration list for PBXNativeTarget "Drama" */;
			buildPhases = (
				759CBAE325B6895B83419087 /* [CP] Check Pods Manifest.lock */,
				333774EF23817B73006946A4 /* Sources */,
				333774F023817B73006946A4 /* Frameworks */,
				333774F123817B73006946A4 /* Resources */,
				F274960BDCE190C3364935A3 /* [CP] Embed Pods Frameworks */,
			);
			buildRules = (
			);
			dependencies = (
			);
			name = Drama;
			productName = Drama;
			productReference = 333774F323817B73006946A4 /* Drama.app */;
			productType = "com.apple.product-type.application";
		};
/* End PBXNativeTarget section */

/* Begin PBXProject section */
		333774EB23817B73006946A4 /* Project object */ = {
			isa = PBXProject;
			attributes = {
				LastSwiftUpdateCheck = 1110;
				LastUpgradeCheck = 1110;
				ORGANIZATIONNAME = "joon-ho kil";
				TargetAttributes = {
					333774F223817B73006946A4 = {
						CreatedOnToolsVersion = 11.1;
					};
				};
			};
			buildConfigurationList = 333774EE23817B73006946A4 /* Build configuration list for PBXProject "Drama" */;
			compatibilityVersion = "Xcode 9.3";
			developmentRegion = en;
			hasScannedForEncodings = 0;
			knownRegions = (
				en,
				Base,
			);
			mainGroup = 333774EA23817B73006946A4;
			productRefGroup = 333774F423817B73006946A4 /* Products */;
			projectDirPath = "";
			projectRoot = "";
			targets = (
				333774F223817B73006946A4 /* Drama */,
			);
		};
/* End PBXProject section */

/* Begin PBXResourcesBuildPhase section */
		333774F123817B73006946A4 /* Resources */ = {
			isa = PBXResourcesBuildPhase;
			buildActionMask = 2147483647;
			files = (
				3337750323817B75006946A4 /* LaunchScreen.storyboard in Resources */,
				3337750023817B75006946A4 /* Assets.xcassets in Resources */,
				333774FE23817B73006946A4 /* Main.storyboard in Resources */,
			);
			runOnlyForDeploymentPostprocessing = 0;
		};
/* End PBXResourcesBuildPhase section */

/* Begin PBXShellScriptBuildPhase section */
		759CBAE325B6895B83419087 /* [CP] Check Pods Manifest.lock */ = {
			isa = PBXShellScriptBuildPhase;
			buildActionMask = 2147483647;
			files = (
			);
			inputFileListPaths = (
			);
			inputPaths = (
				"${PODS_PODFILE_DIR_PATH}/Podfile.lock",
				"${PODS_ROOT}/Manifest.lock",
			);
			name = "[CP] Check Pods Manifest.lock";
			outputFileListPaths = (
			);
			outputPaths = (
				"$(DERIVED_FILE_DIR)/Pods-Drama-checkManifestLockResult.txt",
			);
			runOnlyForDeploymentPostprocessing = 0;
			shellPath = /bin/sh;
			shellScript = "diff \"${PODS_PODFILE_DIR_PATH}/Podfile.lock\" \"${PODS_ROOT}/Manifest.lock\" > /dev/null\nif [ $? != 0 ] ; then\n    # print error to STDERR\n    echo \"error: The sandbox is not in sync with the Podfile.lock. Run 'pod install' or update your CocoaPods installation.\" >&2\n    exit 1\nfi\n# This output is used by Xcode 'outputs' to avoid re-running this script phase.\necho \"SUCCESS\" > \"${SCRIPT_OUTPUT_FILE_0}\"\n";
			showEnvVarsInLog = 0;
		};
		F274960BDCE190C3364935A3 /* [CP] Embed Pods Frameworks */ = {
			isa = PBXShellScriptBuildPhase;
			buildActionMask = 2147483647;
			files = (
			);
			inputFileListPaths = (
				"${PODS_ROOT}/Target Support Files/Pods-Drama/Pods-Drama-frameworks-${CONFIGURATION}-input-files.xcfilelist",
			);
			name = "[CP] Embed Pods Frameworks";
			outputFileListPaths = (
				"${PODS_ROOT}/Target Support Files/Pods-Drama/Pods-Drama-frameworks-${CONFIGURATION}-output-files.xcfilelist",
			);
			runOnlyForDeploymentPostprocessing = 0;
			shellPath = /bin/sh;
			shellScript = "\"${PODS_ROOT}/Target Support Files/Pods-Drama/Pods-Drama-frameworks.sh\"\n";
			showEnvVarsInLog = 0;
		};
/* End PBXShellScriptBuildPhase section */

/* Begin PBXSourcesBuildPhase section */
		333774EF23817B73006946A4 /* Sources */ = {
			isa = PBXSourcesBuildPhase;
			buildActionMask = 2147483647;
			files = (
				333774FB23817B73006946A4 /* ViewController.swift in Sources */,
				333774F723817B73006946A4 /* AppDelegate.swift in Sources */,
				333774F923817B73006946A4 /* SceneDelegate.swift in Sources */,
			);
			runOnlyForDeploymentPostprocessing = 0;
		};
/* End PBXSourcesBuildPhase section */

/* Begin PBXVariantGroup section */
		333774FC23817B73006946A4 /* Main.storyboard */ = {
			isa = PBXVariantGroup;
			children = (
				333774FD23817B73006946A4 /* Base */,
			);
			name = Main.storyboard;
			sourceTree = "<group>";
		};
		3337750123817B75006946A4 /* LaunchScreen.storyboard */ = {
			isa = PBXVariantGroup;
			children = (
				3337750223817B75006946A4 /* Base */,
			);
			name = LaunchScreen.storyboard;
			sourceTree = "<group>";
		};
/* End PBXVariantGroup section */

/* Begin XCBuildConfiguration section */
		3337750523817B75006946A4 /* Debug */ = {
			isa = XCBuildConfiguration;
			buildSettings = {
				ALWAYS_SEARCH_USER_PATHS = NO;
				CLANG_ANALYZER_NONNULL = YES;
				CLANG_ANALYZER_NUMBER_OBJECT_CONVERSION = YES_AGGRESSIVE;
				CLANG_CXX_LANGUAGE_STANDARD = "gnu++14";
				CLANG_CXX_LIBRARY = "libc++";
				CLANG_ENABLE_MODULES = YES;
				CLANG_ENABLE_OBJC_ARC = YES;
				CLANG_ENABLE_OBJC_WEAK = YES;
				CLANG_WARN_BLOCK_CAPTURE_AUTORELEASING = YES;
				CLANG_WARN_BOOL_CONVERSION = YES;
				CLANG_WARN_COMMA = YES;
				CLANG_WARN_CONSTANT_CONVERSION = YES;
				CLANG_WARN_DEPRECATED_OBJC_IMPLEMENTATIONS = YES;
				CLANG_WARN_DIRECT_OBJC_ISA_USAGE = YES_ERROR;
				CLANG_WARN_DOCUMENTATION_COMMENTS = YES;
				CLANG_WARN_EMPTY_BODY = YES;
				CLANG_WARN_ENUM_CONVERSION = YES;
				CLANG_WARN_INFINITE_RECURSION = YES;
				CLANG_WARN_INT_CONVERSION = YES;
				CLANG_WARN_NON_LITERAL_NULL_CONVERSION = YES;
				CLANG_WARN_OBJC_IMPLICIT_RETAIN_SELF = YES;
				CLANG_WARN_OBJC_LITERAL_CONVERSION = YES;
				CLANG_WARN_OBJC_ROOT_CLASS = YES_ERROR;
				CLANG_WARN_RANGE_LOOP_ANALYSIS = YES;
				CLANG_WARN_STRICT_PROTOTYPES = YES;
				CLANG_WARN_SUSPICIOUS_MOVE = YES;
				CLANG_WARN_UNGUARDED_AVAILABILITY = YES_AGGRESSIVE;
				CLANG_WARN_UNREACHABLE_CODE = YES;
				CLANG_WARN__DUPLICATE_METHOD_MATCH = YES;
				COPY_PHASE_STRIP = NO;
				DEBUG_INFORMATION_FORMAT = dwarf;
				ENABLE_STRICT_OBJC_MSGSEND = YES;
				ENABLE_TESTABILITY = YES;
				GCC_C_LANGUAGE_STANDARD = gnu11;
				GCC_DYNAMIC_NO_PIC = NO;
				GCC_NO_COMMON_BLOCKS = YES;
				GCC_OPTIMIZATION_LEVEL = 0;
				GCC_PREPROCESSOR_DEFINITIONS = (
					"DEBUG=1",
					"$(inherited)",
				);
				GCC_WARN_64_TO_32_BIT_CONVERSION = YES;
				GCC_WARN_ABOUT_RETURN_TYPE = YES_ERROR;
				GCC_WARN_UNDECLARED_SELECTOR = YES;
				GCC_WARN_UNINITIALIZED_AUTOS = YES_AGGRESSIVE;
				GCC_WARN_UNUSED_FUNCTION = YES;
				GCC_WARN_UNUSED_VARIABLE = YES;
				IPHONEOS_DEPLOYMENT_TARGET = 13.1;
				MTL_ENABLE_DEBUG_INFO = INCLUDE_SOURCE;
				MTL_FAST_MATH = YES;
				ONLY_ACTIVE_ARCH = YES;
				SDKROOT = iphoneos;
				SWIFT_ACTIVE_COMPILATION_CONDITIONS = DEBUG;
				SWIFT_OPTIMIZATION_LEVEL = "-Onone";
			};
			name = Debug;
		};
		3337750623817B75006946A4 /* Release */ = {
			isa = XCBuildConfiguration;
			buildSettings = {
				ALWAYS_SEARCH_USER_PATHS = NO;
				CLANG_ANALYZER_NONNULL = YES;
				CLANG_ANALYZER_NUMBER_OBJECT_CONVERSION = YES_AGGRESSIVE;
				CLANG_CXX_LANGUAGE_STANDARD = "gnu++14";
				CLANG_CXX_LIBRARY = "libc++";
				CLANG_ENABLE_MODULES = YES;
				CLANG_ENABLE_OBJC_ARC = YES;
				CLANG_ENABLE_OBJC_WEAK = YES;
				CLANG_WARN_BLOCK_CAPTURE_AUTORELEASING = YES;
				CLANG_WARN_BOOL_CONVERSION = YES;
				CLANG_WARN_COMMA = YES;
				CLANG_WARN_CONSTANT_CONVERSION = YES;
				CLANG_WARN_DEPRECATED_OBJC_IMPLEMENTATIONS = YES;
				CLANG_WARN_DIRECT_OBJC_ISA_USAGE = YES_ERROR;
				CLANG_WARN_DOCUMENTATION_COMMENTS = YES;
				CLANG_WARN_EMPTY_BODY = YES;
				CLANG_WARN_ENUM_CONVERSION = YES;
				CLANG_WARN_INFINITE_RECURSION = YES;
				CLANG_WARN_INT_CONVERSION = YES;
				CLANG_WARN_NON_LITERAL_NULL_CONVERSION = YES;
				CLANG_WARN_OBJC_IMPLICIT_RETAIN_SELF = YES;
				CLANG_WARN_OBJC_LITERAL_CONVERSION = YES;
				CLANG_WARN_OBJC_ROOT_CLASS = YES_ERROR;
				CLANG_WARN_RANGE_LOOP_ANALYSIS = YES;
				CLANG_WARN_STRICT_PROTOTYPES = YES;
				CLANG_WARN_SUSPICIOUS_MOVE = YES;
				CLANG_WARN_UNGUARDED_AVAILABILITY = YES_AGGRESSIVE;
				CLANG_WARN_UNREACHABLE_CODE = YES;
				CLANG_WARN__DUPLICATE_METHOD_MATCH = YES;
				COPY_PHASE_STRIP = NO;
				DEBUG_INFORMATION_FORMAT = "dwarf-with-dsym";
				ENABLE_NS_ASSERTIONS = NO;
				ENABLE_STRICT_OBJC_MSGSEND = YES;
				GCC_C_LANGUAGE_STANDARD = gnu11;
				GCC_NO_COMMON_BLOCKS = YES;
				GCC_WARN_64_TO_32_BIT_CONVERSION = YES;
				GCC_WARN_ABOUT_RETURN_TYPE = YES_ERROR;
				GCC_WARN_UNDECLARED_SELECTOR = YES;
				GCC_WARN_UNINITIALIZED_AUTOS = YES_AGGRESSIVE;
				GCC_WARN_UNUSED_FUNCTION = YES;
				GCC_WARN_UNUSED_VARIABLE = YES;
				IPHONEOS_DEPLOYMENT_TARGET = 13.1;
				MTL_ENABLE_DEBUG_INFO = NO;
				MTL_FAST_MATH = YES;
				SDKROOT = iphoneos;
				SWIFT_COMPILATION_MODE = wholemodule;
				SWIFT_OPTIMIZATION_LEVEL = "-O";
				VALIDATE_PRODUCT = YES;
			};
			name = Release;
		};
		3337750823817B75006946A4 /* Debug */ = {
			isa = XCBuildConfiguration;
			baseConfigurationReference = CC0022D13A86D103646B717C /* Pods-Drama.debug.xcconfig */;
			buildSettings = {
				ASSETCATALOG_COMPILER_APPICON_NAME = AppIcon;
				CODE_SIGN_STYLE = Automatic;
				DEVELOPMENT_TEAM = 2N6GUCNLQH;
				INFOPLIST_FILE = Drama/Info.plist;
				LD_RUNPATH_SEARCH_PATHS = (
					"$(inherited)",
					"@executable_path/Frameworks",
				);
				PRODUCT_BUNDLE_IDENTIFIER = me.kiljh.Drama;
				PRODUCT_NAME = "$(TARGET_NAME)";
				SWIFT_VERSION = 5.0;
				TARGETED_DEVICE_FAMILY = "1,2";
			};
			name = Debug;
		};
		3337750923817B75006946A4 /* Release */ = {
			isa = XCBuildConfiguration;
			baseConfigurationReference = 769B6AA2D7BCE491FA87F782 /* Pods-Drama.release.xcconfig */;
			buildSettings = {
				ASSETCATALOG_COMPILER_APPICON_NAME = AppIcon;
				CODE_SIGN_STYLE = Automatic;
				DEVELOPMENT_TEAM = 2N6GUCNLQH;
				INFOPLIST_FILE = Drama/Info.plist;
				LD_RUNPATH_SEARCH_PATHS = (
					"$(inherited)",
					"@executable_path/Frameworks",
				);
				PRODUCT_BUNDLE_IDENTIFIER = me.kiljh.Drama;
				PRODUCT_NAME = "$(TARGET_NAME)";
				SWIFT_VERSION = 5.0;
				TARGETED_DEVICE_FAMILY = "1,2";
			};
			name = Release;
		};
/* End XCBuildConfiguration section */

/* Begin XCConfigurationList section */
		333774EE23817B73006946A4 /* Build configuration list for PBXProject "Drama" */ = {
			isa = XCConfigurationList;
			buildConfigurations = (
				3337750523817B75006946A4 /* Debug */,
				3337750623817B75006946A4 /* Release */,
			);
			defaultConfigurationIsVisible = 0;
			defaultConfigurationName = Release;
		};
		3337750723817B75006946A4 /* Build configuration list for PBXNativeTarget "Drama" */ = {
			isa = XCConfigurationList;
			buildConfigurations = (
				3337750823817B75006946A4 /* Debug */,
				3337750923817B75006946A4 /* Release */,
			);
			defaultConfigurationIsVisible = 0;
			defaultConfigurationName = Release;
		};
/* End XCConfigurationList section */
	};
	rootObject = 333774EB23817B73006946A4 /* Project object */;
}
